PODS:
  - TLFloatLabelTextField (0.1.0)

DEPENDENCIES:
  - TLFloatLabelTextField (from `/Users/apple/Desktop/TLFloatLabelTextField`)

EXTERNAL SOURCES:
  TLFloatLabelTextField:
    :path: /Users/apple/Desktop/TLFloatLabelTextField

SPEC CHECKSUMS:
  TLFloatLabelTextField: 6f94d11eb524b0d63fe5f783e982401b7ca494e9

PODFILE CHECKSUM: 9ac61be0be5d4ce84d146f279613e223cbe1543e

COCOAPODS: 1.4.0
